<?xml version="1.0" encoding="utf-8"?>
<Project ToolsVersion="4.0" xmlns="http://schemas.microsoft.com/developer/msbuild/2003">
  <ItemGroup>
    <Filter Include="Source Files">
      <UniqueIdentifier>{4FC737F1-C7A5-4376-A066-2A32D752A2FF}</UniqueIdentifier>
      <Extensions>cpp;c;cc;cxx;def;odl;idl;hpj;bat;asm;asmx</Extensions>
    </Filter>
    <Filter Include="Header Files">
      <UniqueIdentifier>{93995380-89BD-4b04-88EB-625FBE52EBFB}</UniqueIdentifier>
      <Extensions>h;hh;hpp;hxx;hm;inl;inc;xsd</Extensions>
    </Filter>
    <Filter Include="Resource Files">
      <UniqueIdentifier>{67DA6AB6-F800-4c08-8B7A-83BB121AAD01}</UniqueIdentifier>
      <Extensions>rc;ico;cur;bmp;dlg;rc2;rct;bin;rgs;gif;jpg;jpeg;jpe;resx;tiff;tif;png;wav;mfcribbon-ms</Extensions>
    </Filter>
    <Filter Include="Source Files\BIDebugEngine">
      <UniqueIdentifier>{d386173d-9431-4ade-92df-f175018de561}</UniqueIdentifier>
    </Filter>
    <Filter Include="Header Files\BIDebugEngine">
      <UniqueIdentifier>{c7eda046-e426-4164-8e10-eadd0c5f6ac5}</UniqueIdentifier>
    </Filter>
    <Filter Include="Header Files\Debugger">
      <UniqueIdentifier>{5289e5de-071b-4e99-ad69-419f7eed53ff}</UniqueIdentifier>
    </Filter>
    <Filter Include="Source Files\Debugger">
      <UniqueIdentifier>{7f20a2ee-7418-4649-a889-f1fb32d60cfd}</UniqueIdentifier>
    </Filter>
    <Filter Include="Header Files\Serialization">
      <UniqueIdentifier>{1ae99b5e-f4fa-41e9-9914-b3e6b6033b5b}</UniqueIdentifier>
    </Filter>
    <Filter Include="Source Files\Serialization">
      <UniqueIdentifier>{e8658481-2172-41d8-9c7a-d91b55d751de}</UniqueIdentifier>
    </Filter>
    <Filter Include="Header Files\RC">
      <UniqueIdentifier>{bbb48793-70d1-4a2b-a39c-a3f0f7cfabbf}</UniqueIdentifier>
    </Filter>
    <Filter Include="Source Files\RC">
      <UniqueIdentifier>{6796432c-1438-43f2-8e05-6e9604123ae1}</UniqueIdentifier>
    </Filter>
    <Filter Include="Header Files\misc">
      <UniqueIdentifier>{8f7668fe-b898-49f0-b12b-a771c1ee3482}</UniqueIdentifier>
    </Filter>
    <Filter Include="Source Files\misc">
      <UniqueIdentifier>{c384d552-a3be-4ac3-9f01-2055b596d10c}</UniqueIdentifier>
    </Filter>
    <Filter Include="Source Files\Intercept">
      <UniqueIdentifier>{a2074222-c2bb-466b-ac65-8f0380dfaea4}</UniqueIdentifier>
    </Filter>
  </ItemGroup>
  <ItemGroup>
    <ClCompile Include="dllmain.cpp">
      <Filter>Source Files</Filter>
    </ClCompile>
    <ClCompile Include="BIDebugEngine.cpp">
      <Filter>Source Files\BIDebugEngine</Filter>
    </ClCompile>
    <ClCompile Include="VMContext.cpp">
      <Filter>Source Files\Debugger</Filter>
    </ClCompile>
    <ClCompile Include="Script.cpp">
      <Filter>Source Files\Debugger</Filter>
    </ClCompile>
    <ClCompile Include="Debugger.cpp">
      <Filter>Source Files\Debugger</Filter>
    </ClCompile>
    <ClCompile Include="EngineHook.cpp">
      <Filter>Source Files\BIDebugEngine</Filter>
    </ClCompile>
    <ClCompile Include="Serialize.cpp">
      <Filter>Source Files\Serialization</Filter>
    </ClCompile>
    <ClCompile Include="RVClasses.cpp">
      <Filter>Source Files\BIDebugEngine</Filter>
    </ClCompile>
    <ClCompile Include="NamedPipeServer.cpp">
      <Filter>Source Files\RC</Filter>
    </ClCompile>
    <ClCompile Include="NetworkController.cpp">
      <Filter>Source Files\RC</Filter>
    </ClCompile>
    <ClCompile Include="BreakPoint.cpp">
      <Filter>Source Files\Debugger</Filter>
    </ClCompile>
    <ClCompile Include="Monitor.cpp">
      <Filter>Source Files\Debugger</Filter>
    </ClCompile>
    <ClCompile Include="RVBaseTypes.cpp">
      <Filter>Source Files\BIDebugEngine</Filter>
    </ClCompile>
    <ClCompile Include="RVContainer.cpp">
      <Filter>Source Files\BIDebugEngine</Filter>
    </ClCompile>
    <ClCompile Include="RVIDebugInterface.cpp">
      <Filter>Source Files\BIDebugEngine</Filter>
    </ClCompile>
    <ClCompile Include="Tracker.cpp">
      <Filter>Source Files\misc</Filter>
    </ClCompile>
    <ClCompile Include="..\..\intercept\src\client\intercept\shared\client_types.cpp">
      <Filter>Source Files\Intercept</Filter>
    </ClCompile>
    <ClCompile Include="..\..\intercept\src\client\intercept\shared\containers.cpp">
      <Filter>Source Files\Intercept</Filter>
    </ClCompile>
    <ClCompile Include="..\..\intercept\src\client\intercept\shared\types.cpp">
      <Filter>Source Files\Intercept</Filter>
    </ClCompile>
    <ClCompile Include="..\..\intercept\src\client\intercept\client\client.cpp">
      <Filter>Source Files\Intercept</Filter>
    </ClCompile>
    <ClCompile Include="..\..\intercept\src\client\intercept\client\eventhandlers.cpp">
      <Filter>Source Files\Intercept</Filter>
    </ClCompile>
    <ClCompile Include="..\..\intercept\src\client\intercept\client\pointers.cpp">
      <Filter>Source Files\Intercept</Filter>
    </ClCompile>
    <ClCompile Include="..\..\intercept\src\client\intercept\client\sqf\actions.cpp">
      <Filter>Source Files\Intercept</Filter>
    </ClCompile>
    <ClCompile Include="..\..\intercept\src\client\intercept\client\sqf\ai.cpp">
      <Filter>Source Files\Intercept</Filter>
    </ClCompile>
    <ClCompile Include="..\..\intercept\src\client\intercept\client\sqf\camera.cpp">
      <Filter>Source Files\Intercept</Filter>
    </ClCompile>
    <ClCompile Include="..\..\intercept\src\client\intercept\client\sqf\cargo.cpp">
      <Filter>Source Files\Intercept</Filter>
    </ClCompile>
    <ClCompile Include="..\..\intercept\src\client\intercept\client\sqf\chat.cpp">
      <Filter>Source Files\Intercept</Filter>
    </ClCompile>
    <ClCompile Include="..\..\intercept\src\client\intercept\client\sqf\common_helpers.cpp">
      <Filter>Source Files\Intercept</Filter>
    </ClCompile>
    <ClCompile Include="..\..\intercept\src\client\intercept\client\sqf\config.cpp">
      <Filter>Source Files\Intercept</Filter>
    </ClCompile>
    <ClCompile Include="..\..\intercept\src\client\intercept\client\sqf\core.cpp">
      <Filter>Source Files\Intercept</Filter>
    </ClCompile>
    <ClCompile Include="..\..\intercept\src\client\intercept\client\sqf\ctrl.cpp">
      <Filter>Source Files\Intercept</Filter>
    </ClCompile>
    <ClCompile Include="..\..\intercept\src\client\intercept\client\sqf\curator.cpp">
      <Filter>Source Files\Intercept</Filter>
    </ClCompile>
    <ClCompile Include="..\..\intercept\src\client\intercept\client\sqf\debug.cpp">
      <Filter>Source Files\Intercept</Filter>
    </ClCompile>
    <ClCompile Include="..\..\intercept\src\client\intercept\client\sqf\deprecated.cpp">
      <Filter>Source Files\Intercept</Filter>
    </ClCompile>
    <ClCompile Include="..\..\intercept\src\client\intercept\client\sqf\eden.cpp">
      <Filter>Source Files\Intercept</Filter>
    </ClCompile>
    <ClCompile Include="..\..\intercept\src\client\intercept\client\sqf\group.cpp">
      <Filter>Source Files\Intercept</Filter>
    </ClCompile>
    <ClCompile Include="..\..\intercept\src\client\intercept\client\sqf\hc.cpp">
      <Filter>Source Files\Intercept</Filter>
    </ClCompile>
    <ClCompile Include="..\..\intercept\src\client\intercept\client\sqf\intersects.cpp">
      <Filter>Source Files\Intercept</Filter>
    </ClCompile>
    <ClCompile Include="..\..\intercept\src\client\intercept\client\sqf\inventory.cpp">
      <Filter>Source Files\Intercept</Filter>
    </ClCompile>
    <ClCompile Include="..\..\intercept\src\client\intercept\client\sqf\marker.cpp">
      <Filter>Source Files\Intercept</Filter>
    </ClCompile>
    <ClCompile Include="..\..\intercept\src\client\intercept\client\sqf\misc.cpp">
      <Filter>Source Files\Intercept</Filter>
    </ClCompile>
    <ClCompile Include="..\..\intercept\src\client\intercept\client\sqf\multiplayer.cpp">
      <Filter>Source Files\Intercept</Filter>
    </ClCompile>
    <ClCompile Include="..\..\intercept\src\client\intercept\client\sqf\position.cpp">
      <Filter>Source Files\Intercept</Filter>
    </ClCompile>
    <ClCompile Include="..\..\intercept\src\client\intercept\client\sqf\rotorlib.cpp">
      <Filter>Source Files\Intercept</Filter>
    </ClCompile>
    <ClCompile Include="..\..\intercept\src\client\intercept\client\sqf\sound.cpp">
      <Filter>Source Files\Intercept</Filter>
    </ClCompile>
    <ClCompile Include="..\..\intercept\src\client\intercept\client\sqf\tasks.cpp">
      <Filter>Source Files\Intercept</Filter>
    </ClCompile>
    <ClCompile Include="..\..\intercept\src\client\intercept\client\sqf\uncategorized.cpp">
      <Filter>Source Files\Intercept</Filter>
    </ClCompile>
    <ClCompile Include="..\..\intercept\src\client\intercept\client\sqf\units.cpp">
      <Filter>Source Files\Intercept</Filter>
    </ClCompile>
    <ClCompile Include="..\..\intercept\src\client\intercept\client\sqf\vehicles.cpp">
      <Filter>Source Files\Intercept</Filter>
    </ClCompile>
    <ClCompile Include="..\..\intercept\src\client\intercept\client\sqf\waypoint.cpp">
      <Filter>Source Files\Intercept</Filter>
    </ClCompile>
    <ClCompile Include="..\..\intercept\src\client\intercept\client\sqf\world.cpp">
      <Filter>Source Files\Intercept</Filter>
    </ClCompile>
    <ClCompile Include="SQF-Assembly-Iface.cpp">
      <Filter>Source Files</Filter>
    </ClCompile>
  </ItemGroup>
  <ItemGroup>
    <ClInclude Include="BIDebugEngine.h">
      <Filter>Header Files\BIDebugEngine</Filter>
    </ClInclude>
    <ClInclude Include="VMContext.h">
      <Filter>Header Files\Debugger</Filter>
    </ClInclude>
    <ClInclude Include="Script.h">
      <Filter>Header Files\Debugger</Filter>
    </ClInclude>
    <ClInclude Include="Debugger.h">
      <Filter>Header Files\Debugger</Filter>
    </ClInclude>
    <ClInclude Include="EngineHook.h">
      <Filter>Header Files\BIDebugEngine</Filter>
    </ClInclude>
    <ClInclude Include="RVClasses.h">
      <Filter>Header Files\BIDebugEngine</Filter>
    </ClInclude>
    <ClInclude Include="Serialize.h">
      <Filter>Header Files\Serialization</Filter>
    </ClInclude>
    <ClInclude Include="json.hpp">
      <Filter>Header Files\Serialization</Filter>
    </ClInclude>
    <ClInclude Include="GlobalHeader.h">
      <Filter>Header Files</Filter>
    </ClInclude>
    <ClInclude Include="NamedPipeServer.h">
      <Filter>Header Files\RC</Filter>
    </ClInclude>
    <ClInclude Include="SignalSlot.h">
      <Filter>Header Files\misc</Filter>
    </ClInclude>
    <ClInclude Include="NetworkController.h">
      <Filter>Header Files\RC</Filter>
    </ClInclude>
    <ClInclude Include="BreakPoint.h">
      <Filter>Header Files\Debugger</Filter>
    </ClInclude>
    <ClInclude Include="Monitor.h">
      <Filter>Header Files\Debugger</Filter>
    </ClInclude>
    <ClInclude Include="version.h">
      <Filter>Header Files</Filter>
    </ClInclude>
    <ClInclude Include="RVBaseTypes.h">
      <Filter>Header Files\BIDebugEngine</Filter>
    </ClInclude>
    <ClInclude Include="RVContainer.h">
      <Filter>Header Files\BIDebugEngine</Filter>
    </ClInclude>
    <ClInclude Include="RVIDebugInterface.h">
      <Filter>Header Files\BIDebugEngine</Filter>
    </ClInclude>
    <ClInclude Include="Tracker.h">
      <Filter>Header Files\misc</Filter>
    </ClInclude>
    <ClInclude Include="SQF-Assembly-Iface.h">
      <Filter>Header Files</Filter>
    </ClInclude>
  </ItemGroup>
  <ItemGroup>
    <Natvis Include="BIDebugEngine.natvis" />
  </ItemGroup>
  <ItemGroup>
    <MASM Include="EngineHookfncx64.asm">
      <Filter>Source Files\BIDebugEngine</Filter>
    </MASM>
    <MASM Include="EngineHookfncx86.asm">
      <Filter>Source Files\BIDebugEngine</Filter>
    </MASM>
  </ItemGroup>
  <ItemGroup>
    <ResourceCompile Include="Resource.rc">
      <Filter>Resource Files</Filter>
    </ResourceCompile>
  </ItemGroup>
</Project>